lockfileVersion: '6.0'

settings:
  autoInstallPeers: true
  excludeLinksFromLockfile: false

dependencies:
  mcp-handler:
    specifier: ^1.0.1
    version: 1.0.1(@modelcontextprotocol/sdk@1.17.1)(next@15.5.7)
  next:
    specifier: ^15.2.6
    version: 15.5.7(react-dom@19.1.0)(react@19.1.0)
  react:
    specifier: ^19.1.0
    version: 19.1.0
  react-dom:
    specifier: ^19.1.0
    version: 19.1.0(react@19.1.0)
  zod:
    specifier: ^3.24.2
    version: 3.25.51

devDependencies:
  '@eslint/compat':
    specifier: ^2.0.0
    version: 2.0.0(eslint@9.39.1)
  '@eslint/eslintrc':
    specifier: ^3.3.3
    version: 3.3.3
  '@types/node':
    specifier: ^20
    version: 20.17.46
  '@types/react':
    specifier: ^19
    version: 19.1.3
  eslint:
    specifier: ^9
    version: 9.39.1
  eslint-config-next:
    specifier: ^15.2.6
    version: 15.2.6(eslint@9.39.1)(typescript@5.8.3)
  typescript:
    specifier: ^5
    version: 5.8.3

packages:

  /@emnapi/core@1.7.1:
    resolution: {integrity: sha512-o1uhUASyo921r2XtHYOHy7gdkGLge8ghBEQHMWmyJFoXlpU58kIrhhN3w26lpQb6dspetweapMn2CSNwQ8I4wg==}
    requiresBuild: true
    dependencies:
      '@emnapi/wasi-threads': 1.1.0
      tslib: 2.8.1
    dev: true
    optional: true

  /@emnapi/runtime@1.7.1:
    resolution: {integrity: sha512-PVtJr5CmLwYAU9PZDMITZoR5iAOShYREoR45EyyLrbntV50mdePTgUn4AmOw90Ifcj+x2kRjdzr1HP3RrNiHGA==}
    requiresBuild: true
    dependencies:
      tslib: 2.8.1
    optional: true

  /@emnapi/wasi-threads@1.1.0:
    resolution: {integrity: sha512-WI0DdZ8xFSbgMjR1sFsKABJ/C5OnRrjT06JXbZKexJGrDuPTzZdDYfFlsgcCXCyf+suG5QU2e/y1Wo2V/OapLQ==}
    requiresBuild: true
    dependencies:
      tslib: 2.8.1
    dev: true
    optional: true

  /@eslint-community/eslint-utils@4.9.0(eslint@9.39.1):
    resolution: {integrity: sha512-ayVFHdtZ+hsq1t2Dy24wCmGXGe4q9Gu3smhLYALJrr473ZH27MsnSL+LKUlimp4BWJqMDMLmPpx/Q9R3OAlL4g==}
    engines: {node: ^12.22.0 || ^14.17.0 || >=16.0.0}
    peerDependencies:
      eslint: ^6.0.0 || ^7.0.0 || >=8.0.0
    dependencies:
      eslint: 9.39.1
      eslint-visitor-keys: 3.4.3
    dev: true

  /@eslint-community/regexpp@4.12.2:
    resolution: {integrity: sha512-EriSTlt5OC9/7SXkRSCAhfSxxoSUgBm33OH+IkwbdpgoqsSsUg7y3uh+IICI/Qg4BBWr3U2i39RpmycbxMq4ew==}
    engines: {node: ^12.0.0 || ^14.0.0 || >=16.0.0}
    dev: true

  /@eslint/compat@2.0.0(eslint@9.39.1):
    resolution: {integrity: sha512-T9AfE1G1uv4wwq94ozgTGio5EUQBqAVe1X9qsQtSNVEYW6j3hvtZVm8Smr4qL1qDPFg+lOB2cL5RxTRMzq4CTA==}
    engines: {node: ^20.19.0 || ^22.13.0 || >=24}
    peerDependencies:
      eslint: ^8.40 || 9
    peerDependenciesMeta:
      eslint:
        optional: true
    dependencies:
      '@eslint/core': 1.0.0
      eslint: 9.39.1
    dev: true

  /@eslint/config-array@0.21.1:
    resolution: {integrity: sha512-aw1gNayWpdI/jSYVgzN5pL0cfzU02GT3NBpeT/DXbx1/1x7ZKxFPd9bwrzygx/qiwIQiJ1sw/zD8qY/kRvlGHA==}
    engines: {node: ^18.18.0 || ^20.9.0 || >=21.1.0}
    dependencies:
      '@eslint/object-schema': 2.1.7
      debug: 4.4.1
      minimatch: 3.1.2
    transitivePeerDependencies:
      - supports-color
    dev: true

  /@eslint/config-helpers@0.4.2:
    resolution: {integrity: sha512-gBrxN88gOIf3R7ja5K9slwNayVcZgK6SOUORm2uBzTeIEfeVaIhOpCtTox3P6R7o2jLFwLFTLnC7kU/RGcYEgw==}
    engines: {node: ^18.18.0 || ^20.9.0 || >=21.1.0}
    dependencies:
      '@eslint/core': 0.17.0
    dev: true

  /@eslint/core@0.17.0:
    resolution: {integrity: sha512-yL/sLrpmtDaFEiUj1osRP4TI2MDz1AddJL+jZ7KSqvBuliN4xqYY54IfdN8qD8Toa6g1iloph1fxQNkjOxrrpQ==}
    engines: {node: ^18.18.0 || ^20.9.0 || >=21.1.0}
    dependencies:
      '@types/json-schema': 7.0.15
    dev: true

  /@eslint/core@1.0.0:
    resolution: {integrity: sha512-PRfWP+8FOldvbApr6xL7mNCw4cJcSTq4GA7tYbgq15mRb0kWKO/wEB2jr+uwjFH3sZvEZneZyCUGTxsv4Sahyw==}
    engines: {node: ^20.19.0 || ^22.13.0 || >=24}
    dependencies:
      '@types/json-schema': 7.0.15
    dev: true

  ...
